
Microsoft Visual Studio Solution File, Format Version 12.00
# Visual Studio Version 16
VisualStudioVersion = 16.0.31613.86
MinimumVisualStudioVersion = 10.0.40219.1
Project("{9A19103F-16F7-4668-BE54-9A1E7A4F7556}") = "Persons.NET", "Persons.NET\Persons.NET.csproj", "{5A0BD441-0745-4212-8246-74CE5C02189E}"
EndProject
Project("{FAE04EC0-301F-11D3-BF4B-00C04F79EFBC}") = "Persons.NET.Tests", "Persons.NET.Tests\Persons.NET.Tests.csproj", "{3A318381-616A-4A6E-8016-B2FFC534374C}"
EndProject
Global
	GlobalSection(SolutionConfigurationPlatforms) = preSolution
		Debug|Any CPU = Debug|Any CPU
		Release|Any CPU = Release|Any CPU
	EndGlobalSection
	GlobalSection(ProjectConfigurationPlatforms) = postSolution
		{5A0BD441-0745-4212-8246-74CE5C02189E}.Debug|Any CPU.ActiveCfg = Debug|Any CPU
		{5A0BD441-0745-4212-8246-74CE5C02189E}.Debug|Any CPU.Build.0 = Debug|Any CPU
		{5A0BD441-0745-4212-8246-74CE5C02189E}.Release|Any CPU.ActiveCfg = Release|Any CPU
		{5A0BD441-0745-4212-8246-74CE5C02189E}.Release|Any CPU.Build.0 = Release|Any CPU
		{3A318381-616A-4A6E-8016-B2FFC534374C}.Debug|Any CPU.ActiveCfg = Debug|Any CPU
		{3A318381-616A-4A6E-8016-B2FFC534374C}.Debug|Any CPU.Build.0 = Debug|Any CPU
		{3A318381-616A-4A6E-8016-B2FFC534374C}.Release|Any CPU.ActiveCfg = Release|Any CPU
		{3A318381-616A-4A6E-8016-B2FFC534374C}.Release|Any CPU.Build.0 = Release|Any CPU
	EndGlobalSection
	GlobalSection(SolutionProperties) = preSolution
		HideSolutionNode = FALSE
	EndGlobalSection
	GlobalSection(ExtensibilityGlobals) = postSolution
		SolutionGuid = {FD311129-8EB5-44AF-82BD-ACDC7D35890C}
	EndGlobalSection
EndGlobal
